
Microsoft Visual Studio Solution File, Format Version 12.00
# Visual Studio 15
VisualStudioVersion = 15.0.27130.2020
MinimumVisualStudioVersion = 10.0.40219.1
Project("{2150E333-8FDC-42A3-9474-1A3956D46DE8}") = "Creational", "Creational", "{F2527754-08FB-4A5C-B455-CF1EE04FAFB0}"
EndProject
Project("{2150E333-8FDC-42A3-9474-1A3956D46DE8}") = "Behavioral", "Behavioral", "{C4630F6C-6CA1-41B6-8A6E-37304F81FA52}"
EndProject
Project("{FAE04EC0-301F-11D3-BF4B-00C04F79EFBC}") = "Builder", "Builder\Builder.csproj", "{BA0EF5EF-C8E1-4477-91EF-53B5C884B846}"
EndProject
Project("{FAE04EC0-301F-11D3-BF4B-00C04F79EFBC}") = "Simple_Factory", "Simple_Factory\Simple_Factory.csproj", "{8583330D-B054-493B-A77D-2C7DBC15F8EA}"
EndProject
Project("{FAE04EC0-301F-11D3-BF4B-00C04F79EFBC}") = "Factory_Method", "Factory_Method\Factory_Method.csproj", "{C42417AB-E0DB-4F15-A909-3A293B927EA4}"
EndProject
Project("{FAE04EC0-301F-11D3-BF4B-00C04F79EFBC}") = "Abstract_Factory", "Abstract_Factory\Abstract_Factory.csproj", "{A4194BEA-B020-4CB3-8DE2-EB94136901C3}"
EndProject
Project("{FAE04EC0-301F-11D3-BF4B-00C04F79EFBC}") = "Mediator", "Mediator\Mediator.csproj", "{0AE1C91E-F68D-40E7-A205-31A237DE2416}"
EndProject
Project("{2150E333-8FDC-42A3-9474-1A3956D46DE8}") = "Structural", "Structural", "{211EBBB8-E001-4285-B9D9-C450A28AEC54}"
EndProject
Project("{FAE04EC0-301F-11D3-BF4B-00C04F79EFBC}") = "Decorator", "Decorator\Decorator.csproj", "{F12CF564-83BA-464A-9DBE-DFAB723C48CE}"
EndProject
Project("{FAE04EC0-301F-11D3-BF4B-00C04F79EFBC}") = "Strategy", "Strategy\Strategy.csproj", "{D48DA4FD-96E3-4E21-9A28-D824159FD055}"
EndProject
Project("{FAE04EC0-301F-11D3-BF4B-00C04F79EFBC}") = "Decorator.OrderDependent", "Decorator.OrderDependent\Decorator.OrderDependent.csproj", "{7C25F59C-BDFF-4B91-A5C0-A9E8C806F600}"
EndProject
Global
	GlobalSection(SolutionConfigurationPlatforms) = preSolution
		Debug|Any CPU = Debug|Any CPU
		Release|Any CPU = Release|Any CPU
	EndGlobalSection
	GlobalSection(ProjectConfigurationPlatforms) = postSolution
		{BA0EF5EF-C8E1-4477-91EF-53B5C884B846}.Debug|Any CPU.ActiveCfg = Debug|Any CPU
		{BA0EF5EF-C8E1-4477-91EF-53B5C884B846}.Debug|Any CPU.Build.0 = Debug|Any CPU
		{BA0EF5EF-C8E1-4477-91EF-53B5C884B846}.Release|Any CPU.ActiveCfg = Release|Any CPU
		{BA0EF5EF-C8E1-4477-91EF-53B5C884B846}.Release|Any CPU.Build.0 = Release|Any CPU
		{8583330D-B054-493B-A77D-2C7DBC15F8EA}.Debug|Any CPU.ActiveCfg = Debug|Any CPU
		{8583330D-B054-493B-A77D-2C7DBC15F8EA}.Debug|Any CPU.Build.0 = Debug|Any CPU
		{8583330D-B054-493B-A77D-2C7DBC15F8EA}.Release|Any CPU.ActiveCfg = Release|Any CPU
		{8583330D-B054-493B-A77D-2C7DBC15F8EA}.Release|Any CPU.Build.0 = Release|Any CPU
		{C42417AB-E0DB-4F15-A909-3A293B927EA4}.Debug|Any CPU.ActiveCfg = Debug|Any CPU
		{C42417AB-E0DB-4F15-A909-3A293B927EA4}.Debug|Any CPU.Build.0 = Debug|Any CPU
		{C42417AB-E0DB-4F15-A909-3A293B927EA4}.Release|Any CPU.ActiveCfg = Release|Any CPU
		{C42417AB-E0DB-4F15-A909-3A293B927EA4}.Release|Any CPU.Build.0 = Release|Any CPU
		{A4194BEA-B020-4CB3-8DE2-EB94136901C3}.Debug|Any CPU.ActiveCfg = Debug|Any CPU
		{A4194BEA-B020-4CB3-8DE2-EB94136901C3}.Debug|Any CPU.Build.0 = Debug|Any CPU
		{A4194BEA-B020-4CB3-8DE2-EB94136901C3}.Release|Any CPU.ActiveCfg = Release|Any CPU
		{A4194BEA-B020-4CB3-8DE2-EB94136901C3}.Release|Any CPU.Build.0 = Release|Any CPU
		{0AE1C91E-F68D-40E7-A205-31A237DE2416}.Debug|Any CPU.ActiveCfg = Debug|Any CPU
		{0AE1C91E-F68D-40E7-A205-31A237DE2416}.Debug|Any CPU.Build.0 = Debug|Any CPU
		{0AE1C91E-F68D-40E7-A205-31A237DE2416}.Release|Any CPU.ActiveCfg = Release|Any CPU
		{0AE1C91E-F68D-40E7-A205-31A237DE2416}.Release|Any CPU.Build.0 = Release|Any CPU
		{F12CF564-83BA-464A-9DBE-DFAB723C48CE}.Debug|Any CPU.ActiveCfg = Debug|Any CPU
		{F12CF564-83BA-464A-9DBE-DFAB723C48CE}.Debug|Any CPU.Build.0 = Debug|Any CPU
		{F12CF564-83BA-464A-9DBE-DFAB723C48CE}.Release|Any CPU.ActiveCfg = Release|Any CPU
		{F12CF564-83BA-464A-9DBE-DFAB723C48CE}.Release|Any CPU.Build.0 = Release|Any CPU
		{D48DA4FD-96E3-4E21-9A28-D824159FD055}.Debug|Any CPU.ActiveCfg = Debug|Any CPU
		{D48DA4FD-96E3-4E21-9A28-D824159FD055}.Debug|Any CPU.Build.0 = Debug|Any CPU
		{D48DA4FD-96E3-4E21-9A28-D824159FD055}.Release|Any CPU.ActiveCfg = Release|Any CPU
		{D48DA4FD-96E3-4E21-9A28-D824159FD055}.Release|Any CPU.Build.0 = Release|Any CPU
		{7C25F59C-BDFF-4B91-A5C0-A9E8C806F600}.Debug|Any CPU.ActiveCfg = Debug|Any CPU
		{7C25F59C-BDFF-4B91-A5C0-A9E8C806F600}.Debug|Any CPU.Build.0 = Debug|Any CPU
		{7C25F59C-BDFF-4B91-A5C0-A9E8C806F600}.Release|Any CPU.ActiveCfg = Release|Any CPU
		{7C25F59C-BDFF-4B91-A5C0-A9E8C806F600}.Release|Any CPU.Build.0 = Release|Any CPU
	EndGlobalSection
	GlobalSection(SolutionProperties) = preSolution
		HideSolutionNode = FALSE
	EndGlobalSection
	GlobalSection(NestedProjects) = preSolution
		{BA0EF5EF-C8E1-4477-91EF-53B5C884B846} = {F2527754-08FB-4A5C-B455-CF1EE04FAFB0}
		{8583330D-B054-493B-A77D-2C7DBC15F8EA} = {F2527754-08FB-4A5C-B455-CF1EE04FAFB0}
		{C42417AB-E0DB-4F15-A909-3A293B927EA4} = {F2527754-08FB-4A5C-B455-CF1EE04FAFB0}
		{A4194BEA-B020-4CB3-8DE2-EB94136901C3} = {F2527754-08FB-4A5C-B455-CF1EE04FAFB0}
		{0AE1C91E-F68D-40E7-A205-31A237DE2416} = {C4630F6C-6CA1-41B6-8A6E-37304F81FA52}
		{F12CF564-83BA-464A-9DBE-DFAB723C48CE} = {211EBBB8-E001-4285-B9D9-C450A28AEC54}
		{D48DA4FD-96E3-4E21-9A28-D824159FD055} = {C4630F6C-6CA1-41B6-8A6E-37304F81FA52}
		{7C25F59C-BDFF-4B91-A5C0-A9E8C806F600} = {211EBBB8-E001-4285-B9D9-C450A28AEC54}
	EndGlobalSection
	GlobalSection(ExtensibilityGlobals) = postSolution
		SolutionGuid = {5D07E418-CA47-4586-B480-FC592A7F80FB}
	EndGlobalSection
EndGlobal
