
Microsoft Visual Studio Solution File, Format Version 12.00
# Visual Studio 14
VisualStudioVersion = 14.0.25420.1
MinimumVisualStudioVersion = 10.0.40219.1
Project("{2150E333-8FDC-42A3-9474-1A3956D46DE8}") = "Creational", "Creational", "{F2527754-08FB-4A5C-B455-CF1EE04FAFB0}"
EndProject
Project("{2150E333-8FDC-42A3-9474-1A3956D46DE8}") = "Behavioral", "Behavioral", "{C4630F6C-6CA1-41B6-8A6E-37304F81FA52}"
EndProject
Project("{FAE04EC0-301F-11D3-BF4B-00C04F79EFBC}") = "Builder", "Builder\Builder.csproj", "{BA0EF5EF-C8E1-4477-91EF-53B5C884B846}"
EndProject
Project("{FAE04EC0-301F-11D3-BF4B-00C04F79EFBC}") = "Simple_Factory", "Simple_Factory\Simple_Factory.csproj", "{8583330D-B054-493B-A77D-2C7DBC15F8EA}"
EndProject
Project("{FAE04EC0-301F-11D3-BF4B-00C04F79EFBC}") = "Factory_Method", "Factory_Method\Factory_Method.csproj", "{C42417AB-E0DB-4F15-A909-3A293B927EA4}"
EndProject
Project("{FAE04EC0-301F-11D3-BF4B-00C04F79EFBC}") = "Abstract_Factory", "Abstract_Factory\Abstract_Factory.csproj", "{A4194BEA-B020-4CB3-8DE2-EB94136901C3}"
EndProject
Global
	GlobalSection(SolutionConfigurationPlatforms) = preSolution
		Debug|Any CPU = Debug|Any CPU
		Release|Any CPU = Release|Any CPU
	EndGlobalSection
	GlobalSection(ProjectConfigurationPlatforms) = postSolution
		{BA0EF5EF-C8E1-4477-91EF-53B5C884B846}.Debug|Any CPU.ActiveCfg = Debug|Any CPU
		{BA0EF5EF-C8E1-4477-91EF-53B5C884B846}.Debug|Any CPU.Build.0 = Debug|Any CPU
		{BA0EF5EF-C8E1-4477-91EF-53B5C884B846}.Release|Any CPU.ActiveCfg = Release|Any CPU
		{BA0EF5EF-C8E1-4477-91EF-53B5C884B846}.Release|Any CPU.Build.0 = Release|Any CPU
		{8583330D-B054-493B-A77D-2C7DBC15F8EA}.Debug|Any CPU.ActiveCfg = Debug|Any CPU
		{8583330D-B054-493B-A77D-2C7DBC15F8EA}.Debug|Any CPU.Build.0 = Debug|Any CPU
		{8583330D-B054-493B-A77D-2C7DBC15F8EA}.Release|Any CPU.ActiveCfg = Release|Any CPU
		{8583330D-B054-493B-A77D-2C7DBC15F8EA}.Release|Any CPU.Build.0 = Release|Any CPU
		{C42417AB-E0DB-4F15-A909-3A293B927EA4}.Debug|Any CPU.ActiveCfg = Debug|Any CPU
		{C42417AB-E0DB-4F15-A909-3A293B927EA4}.Debug|Any CPU.Build.0 = Debug|Any CPU
		{C42417AB-E0DB-4F15-A909-3A293B927EA4}.Release|Any CPU.ActiveCfg = Release|Any CPU
		{C42417AB-E0DB-4F15-A909-3A293B927EA4}.Release|Any CPU.Build.0 = Release|Any CPU
		{A4194BEA-B020-4CB3-8DE2-EB94136901C3}.Debug|Any CPU.ActiveCfg = Debug|Any CPU
		{A4194BEA-B020-4CB3-8DE2-EB94136901C3}.Debug|Any CPU.Build.0 = Debug|Any CPU
		{A4194BEA-B020-4CB3-8DE2-EB94136901C3}.Release|Any CPU.ActiveCfg = Release|Any CPU
		{A4194BEA-B020-4CB3-8DE2-EB94136901C3}.Release|Any CPU.Build.0 = Release|Any CPU
	EndGlobalSection
	GlobalSection(SolutionProperties) = preSolution
		HideSolutionNode = FALSE
	EndGlobalSection
	GlobalSection(NestedProjects) = preSolution
		{BA0EF5EF-C8E1-4477-91EF-53B5C884B846} = {F2527754-08FB-4A5C-B455-CF1EE04FAFB0}
		{8583330D-B054-493B-A77D-2C7DBC15F8EA} = {F2527754-08FB-4A5C-B455-CF1EE04FAFB0}
		{C42417AB-E0DB-4F15-A909-3A293B927EA4} = {F2527754-08FB-4A5C-B455-CF1EE04FAFB0}
		{A4194BEA-B020-4CB3-8DE2-EB94136901C3} = {F2527754-08FB-4A5C-B455-CF1EE04FAFB0}
	EndGlobalSection
EndGlobal
